
Microsoft Visual Studio Solution File, Format Version 12.00
# Visual Studio Version 16
VisualStudioVersion = 16.0.30804.86
MinimumVisualStudioVersion = 10.0.40219.1
Project("{9A19103F-16F7-4668-BE54-9A1E7A4F7556}") = "Iurec_Alexandra_Proiect_Master", "Iurec_Alexandra_Proiect_Master.csproj", "{4A9BCF18-42FC-4265-93FB-E15EA46EAF3F}"
EndProject
Project("{9A19103F-16F7-4668-BE54-9A1E7A4F7556}") = "BeautySalonModel", "BeautySalonModel\BeautySalonModel.csproj", "{8386E9EF-B6CC-4F59-9E07-178DE92060D6}"
EndProject
Project("{9A19103F-16F7-4668-BE54-9A1E7A4F7556}") = "BeautySalonWebAPI", "BeautySalonWebAPI\BeautySalonWebAPI.csproj", "{1E825230-4BC1-4DCE-B739-20636C588E97}"
EndProject
Global
	GlobalSection(SolutionConfigurationPlatforms) = preSolution
		Debug|Any CPU = Debug|Any CPU
		Release|Any CPU = Release|Any CPU
	EndGlobalSection
	GlobalSection(ProjectConfigurationPlatforms) = postSolution
		{4A9BCF18-42FC-4265-93FB-E15EA46EAF3F}.Debug|Any CPU.ActiveCfg = Debug|Any CPU
		{4A9BCF18-42FC-4265-93FB-E15EA46EAF3F}.Debug|Any CPU.Build.0 = Debug|Any CPU
		{4A9BCF18-42FC-4265-93FB-E15EA46EAF3F}.Release|Any CPU.ActiveCfg = Release|Any CPU
		{4A9BCF18-42FC-4265-93FB-E15EA46EAF3F}.Release|Any CPU.Build.0 = Release|Any CPU
		{8386E9EF-B6CC-4F59-9E07-178DE92060D6}.Debug|Any CPU.ActiveCfg = Debug|Any CPU
		{8386E9EF-B6CC-4F59-9E07-178DE92060D6}.Debug|Any CPU.Build.0 = Debug|Any CPU
		{8386E9EF-B6CC-4F59-9E07-178DE92060D6}.Release|Any CPU.ActiveCfg = Release|Any CPU
		{8386E9EF-B6CC-4F59-9E07-178DE92060D6}.Release|Any CPU.Build.0 = Release|Any CPU
		{1E825230-4BC1-4DCE-B739-20636C588E97}.Debug|Any CPU.ActiveCfg = Debug|Any CPU
		{1E825230-4BC1-4DCE-B739-20636C588E97}.Debug|Any CPU.Build.0 = Debug|Any CPU
		{1E825230-4BC1-4DCE-B739-20636C588E97}.Release|Any CPU.ActiveCfg = Release|Any CPU
		{1E825230-4BC1-4DCE-B739-20636C588E97}.Release|Any CPU.Build.0 = Release|Any CPU
	EndGlobalSection
	GlobalSection(SolutionProperties) = preSolution
		HideSolutionNode = FALSE
	EndGlobalSection
	GlobalSection(ExtensibilityGlobals) = postSolution
		SolutionGuid = {3751D5E4-F7BC-48B1-A522-8F223FF3B8F3}
	EndGlobalSection
EndGlobal
